
Microsoft Visual Studio Solution File, Format Version 12.00
# Visual Studio Version 18
VisualStudioVersion = 18.3.11206.111
MinimumVisualStudioVersion = 10.0.40219.1
Project("{2150E333-8FDC-42A3-9474-1A3956D46DE8}") = "Solution Items", "Solution Items", "{4A5FAE28-C16A-437B-BDB2-89FBD9021F49}"
	ProjectSection(SolutionItems) = preProject
		.editorconfig = .editorconfig
		..\.gitignore = ..\.gitignore
		..\README.md = ..\README.md
		spellmatrix.xlsx = spellmatrix.xlsx
	EndProjectSection
EndProject
Project("{9A19103F-16F7-4668-BE54-9A1E7A4F7556}") = "DA.Game.Resources", "DA.GameResources\DA.Game.Resources.csproj", "{333A7884-2544-4C81-B06C-F53850248FA9}"
EndProject
Project("{9A19103F-16F7-4668-BE54-9A1E7A4F7556}") = "DA.Game.Domain", "DA.Domain\DA.Game.Domain.csproj", "{B7F30058-32AA-4E37-B6CA-761DBF55F117}"
EndProject
Project("{2150E333-8FDC-42A3-9474-1A3956D46DE8}") = "Game", "Game", "{2E650A08-83BA-4BC8-B770-96B9E9A78A14}"
EndProject
Project("{9A19103F-16F7-4668-BE54-9A1E7A4F7556}") = "DA.Game.CombatMechanic", "DA.Game.CombatMechanic\DA.Game.CombatMechanic.csproj", "{72E5D105-BED5-4B1E-87BA-18FF3FDD122F}"
EndProject
Project("{9A19103F-16F7-4668-BE54-9A1E7A4F7556}") = "DA.Game.CombatMechanic.Tests", "DA.Game.CombatMechanic.Tests\DA.Game.CombatMechanic.Tests.csproj", "{C90B4F06-EDC6-4331-B95F-AE98CCE3E3B3}"
EndProject
Project("{2150E333-8FDC-42A3-9474-1A3956D46DE8}") = "V2", "V2", "{25C2CE14-04B2-490D-95CD-565883EADB93}"
EndProject
Project("{FAE04EC0-301F-11D3-BF4B-00C04F79EFBC}") = "DA.Game.DataBuilder", "DA.Game.DataBuilder\DA.Game.DataBuilder.csproj", "{259BA19E-F5FC-4DE8-AB1D-8C5C3CB4FFF7}"
EndProject
Project("{FAE04EC0-301F-11D3-BF4B-00C04F79EFBC}") = "DA.Game.Runtime", "DA.Game.Runtime\DA.Game.Runtime.csproj", "{7B06913B-440B-469E-B92D-3125FD39DC53}"
EndProject
Project("{FAE04EC0-301F-11D3-BF4B-00C04F79EFBC}") = "DA.Game.Domain2", "DA.Game.Domain2\DA.Game.Domain2.csproj", "{C05F58A1-6FAA-49D7-A117-E450265CB112}"
EndProject
Project("{FAE04EC0-301F-11D3-BF4B-00C04F79EFBC}") = "DA.Game.Shared", "DA.Game.Shared\DA.Game.Shared.csproj", "{8D232976-10B9-4DAA-B862-53B859B66B2D}"
EndProject
Project("{FAE04EC0-301F-11D3-BF4B-00C04F79EFBC}") = "DA.Game.Application", "DA.Game.Application\DA.Game.Application.csproj", "{02D1D5F8-7739-48F9-A2A6-841F06C920AB}"
EndProject
Project("{FAE04EC0-301F-11D3-BF4B-00C04F79EFBC}") = "DA.Game.Infrastructure", "DA.Game.Infrastructure\DA.Game.Infrastructure.csproj", "{F728CB8B-D6B0-4219-A5BB-C8427287B320}"
EndProject
Project("{FAE04EC0-301F-11D3-BF4B-00C04F79EFBC}") = "DA.Game.Tests", "DA.Game.Tests\DA.Game.Tests.csproj", "{05DB970C-60A9-4B99-A3B3-C8E5DAEB1C7A}"
EndProject
Project("{FAE04EC0-301F-11D3-BF4B-00C04F79EFBC}") = "DA.Game.Domain.Tests", "DA.Game.Domain.Tests\DA.Game.Domain.Tests.csproj", "{F5CCBCA1-881E-4693-A7CA-9558015872C5}"
EndProject
Project("{FAE04EC0-301F-11D3-BF4B-00C04F79EFBC}") = "DA.Game.Shared.Tests", "DA.Game.Shared.Tests\DA.Game.Shared.Tests.csproj", "{4F76118F-A11F-414E-A22A-283BF03A5661}"
EndProject
Global
	GlobalSection(SolutionConfigurationPlatforms) = preSolution
		Debug|Any CPU = Debug|Any CPU
		Release|Any CPU = Release|Any CPU
	EndGlobalSection
	GlobalSection(ProjectConfigurationPlatforms) = postSolution
		{333A7884-2544-4C81-B06C-F53850248FA9}.Debug|Any CPU.ActiveCfg = Debug|Any CPU
		{333A7884-2544-4C81-B06C-F53850248FA9}.Debug|Any CPU.Build.0 = Debug|Any CPU
		{333A7884-2544-4C81-B06C-F53850248FA9}.Release|Any CPU.ActiveCfg = Release|Any CPU
		{333A7884-2544-4C81-B06C-F53850248FA9}.Release|Any CPU.Build.0 = Release|Any CPU
		{B7F30058-32AA-4E37-B6CA-761DBF55F117}.Debug|Any CPU.ActiveCfg = Debug|Any CPU
		{B7F30058-32AA-4E37-B6CA-761DBF55F117}.Debug|Any CPU.Build.0 = Debug|Any CPU
		{B7F30058-32AA-4E37-B6CA-761DBF55F117}.Release|Any CPU.ActiveCfg = Release|Any CPU
		{B7F30058-32AA-4E37-B6CA-761DBF55F117}.Release|Any CPU.Build.0 = Release|Any CPU
		{72E5D105-BED5-4B1E-87BA-18FF3FDD122F}.Debug|Any CPU.ActiveCfg = Debug|Any CPU
		{72E5D105-BED5-4B1E-87BA-18FF3FDD122F}.Debug|Any CPU.Build.0 = Debug|Any CPU
		{72E5D105-BED5-4B1E-87BA-18FF3FDD122F}.Release|Any CPU.ActiveCfg = Release|Any CPU
		{72E5D105-BED5-4B1E-87BA-18FF3FDD122F}.Release|Any CPU.Build.0 = Release|Any CPU
		{C90B4F06-EDC6-4331-B95F-AE98CCE3E3B3}.Debug|Any CPU.ActiveCfg = Debug|Any CPU
		{C90B4F06-EDC6-4331-B95F-AE98CCE3E3B3}.Debug|Any CPU.Build.0 = Debug|Any CPU
		{C90B4F06-EDC6-4331-B95F-AE98CCE3E3B3}.Release|Any CPU.ActiveCfg = Release|Any CPU
		{C90B4F06-EDC6-4331-B95F-AE98CCE3E3B3}.Release|Any CPU.Build.0 = Release|Any CPU
		{259BA19E-F5FC-4DE8-AB1D-8C5C3CB4FFF7}.Debug|Any CPU.ActiveCfg = Debug|Any CPU
		{259BA19E-F5FC-4DE8-AB1D-8C5C3CB4FFF7}.Debug|Any CPU.Build.0 = Debug|Any CPU
		{259BA19E-F5FC-4DE8-AB1D-8C5C3CB4FFF7}.Release|Any CPU.ActiveCfg = Release|Any CPU
		{259BA19E-F5FC-4DE8-AB1D-8C5C3CB4FFF7}.Release|Any CPU.Build.0 = Release|Any CPU
		{7B06913B-440B-469E-B92D-3125FD39DC53}.Debug|Any CPU.ActiveCfg = Debug|Any CPU
		{7B06913B-440B-469E-B92D-3125FD39DC53}.Debug|Any CPU.Build.0 = Debug|Any CPU
		{7B06913B-440B-469E-B92D-3125FD39DC53}.Release|Any CPU.ActiveCfg = Release|Any CPU
		{7B06913B-440B-469E-B92D-3125FD39DC53}.Release|Any CPU.Build.0 = Release|Any CPU
		{C05F58A1-6FAA-49D7-A117-E450265CB112}.Debug|Any CPU.ActiveCfg = Debug|Any CPU
		{C05F58A1-6FAA-49D7-A117-E450265CB112}.Debug|Any CPU.Build.0 = Debug|Any CPU
		{C05F58A1-6FAA-49D7-A117-E450265CB112}.Release|Any CPU.ActiveCfg = Release|Any CPU
		{C05F58A1-6FAA-49D7-A117-E450265CB112}.Release|Any CPU.Build.0 = Release|Any CPU
		{8D232976-10B9-4DAA-B862-53B859B66B2D}.Debug|Any CPU.ActiveCfg = Debug|Any CPU
		{8D232976-10B9-4DAA-B862-53B859B66B2D}.Debug|Any CPU.Build.0 = Debug|Any CPU
		{8D232976-10B9-4DAA-B862-53B859B66B2D}.Release|Any CPU.ActiveCfg = Release|Any CPU
		{8D232976-10B9-4DAA-B862-53B859B66B2D}.Release|Any CPU.Build.0 = Release|Any CPU
		{02D1D5F8-7739-48F9-A2A6-841F06C920AB}.Debug|Any CPU.ActiveCfg = Debug|Any CPU
		{02D1D5F8-7739-48F9-A2A6-841F06C920AB}.Debug|Any CPU.Build.0 = Debug|Any CPU
		{02D1D5F8-7739-48F9-A2A6-841F06C920AB}.Release|Any CPU.ActiveCfg = Release|Any CPU
		{02D1D5F8-7739-48F9-A2A6-841F06C920AB}.Release|Any CPU.Build.0 = Release|Any CPU
		{F728CB8B-D6B0-4219-A5BB-C8427287B320}.Debug|Any CPU.ActiveCfg = Debug|Any CPU
		{F728CB8B-D6B0-4219-A5BB-C8427287B320}.Debug|Any CPU.Build.0 = Debug|Any CPU
		{F728CB8B-D6B0-4219-A5BB-C8427287B320}.Release|Any CPU.ActiveCfg = Release|Any CPU
		{F728CB8B-D6B0-4219-A5BB-C8427287B320}.Release|Any CPU.Build.0 = Release|Any CPU
		{05DB970C-60A9-4B99-A3B3-C8E5DAEB1C7A}.Debug|Any CPU.ActiveCfg = Debug|Any CPU
		{05DB970C-60A9-4B99-A3B3-C8E5DAEB1C7A}.Debug|Any CPU.Build.0 = Debug|Any CPU
		{05DB970C-60A9-4B99-A3B3-C8E5DAEB1C7A}.Release|Any CPU.ActiveCfg = Release|Any CPU
		{05DB970C-60A9-4B99-A3B3-C8E5DAEB1C7A}.Release|Any CPU.Build.0 = Release|Any CPU
		{F5CCBCA1-881E-4693-A7CA-9558015872C5}.Debug|Any CPU.ActiveCfg = Debug|Any CPU
		{F5CCBCA1-881E-4693-A7CA-9558015872C5}.Debug|Any CPU.Build.0 = Debug|Any CPU
		{F5CCBCA1-881E-4693-A7CA-9558015872C5}.Release|Any CPU.ActiveCfg = Release|Any CPU
		{F5CCBCA1-881E-4693-A7CA-9558015872C5}.Release|Any CPU.Build.0 = Release|Any CPU
		{4F76118F-A11F-414E-A22A-283BF03A5661}.Debug|Any CPU.ActiveCfg = Debug|Any CPU
		{4F76118F-A11F-414E-A22A-283BF03A5661}.Debug|Any CPU.Build.0 = Debug|Any CPU
		{4F76118F-A11F-414E-A22A-283BF03A5661}.Release|Any CPU.ActiveCfg = Release|Any CPU
		{4F76118F-A11F-414E-A22A-283BF03A5661}.Release|Any CPU.Build.0 = Release|Any CPU
	EndGlobalSection
	GlobalSection(SolutionProperties) = preSolution
		HideSolutionNode = FALSE
	EndGlobalSection
	GlobalSection(NestedProjects) = preSolution
		{333A7884-2544-4C81-B06C-F53850248FA9} = {2E650A08-83BA-4BC8-B770-96B9E9A78A14}
		{B7F30058-32AA-4E37-B6CA-761DBF55F117} = {2E650A08-83BA-4BC8-B770-96B9E9A78A14}
		{72E5D105-BED5-4B1E-87BA-18FF3FDD122F} = {2E650A08-83BA-4BC8-B770-96B9E9A78A14}
		{C90B4F06-EDC6-4331-B95F-AE98CCE3E3B3} = {2E650A08-83BA-4BC8-B770-96B9E9A78A14}
		{259BA19E-F5FC-4DE8-AB1D-8C5C3CB4FFF7} = {25C2CE14-04B2-490D-95CD-565883EADB93}
		{7B06913B-440B-469E-B92D-3125FD39DC53} = {25C2CE14-04B2-490D-95CD-565883EADB93}
		{C05F58A1-6FAA-49D7-A117-E450265CB112} = {25C2CE14-04B2-490D-95CD-565883EADB93}
		{8D232976-10B9-4DAA-B862-53B859B66B2D} = {25C2CE14-04B2-490D-95CD-565883EADB93}
		{02D1D5F8-7739-48F9-A2A6-841F06C920AB} = {25C2CE14-04B2-490D-95CD-565883EADB93}
		{F728CB8B-D6B0-4219-A5BB-C8427287B320} = {25C2CE14-04B2-490D-95CD-565883EADB93}
		{05DB970C-60A9-4B99-A3B3-C8E5DAEB1C7A} = {25C2CE14-04B2-490D-95CD-565883EADB93}
		{F5CCBCA1-881E-4693-A7CA-9558015872C5} = {25C2CE14-04B2-490D-95CD-565883EADB93}
		{4F76118F-A11F-414E-A22A-283BF03A5661} = {25C2CE14-04B2-490D-95CD-565883EADB93}
	EndGlobalSection
	GlobalSection(ExtensibilityGlobals) = postSolution
		SolutionGuid = {F915C9D8-BA54-4EC0-B537-7500D921F8CB}
	EndGlobalSection
EndGlobal
