
Microsoft Visual Studio Solution File, Format Version 12.00
# Visual Studio Version 17
VisualStudioVersion = 17.0.31808.319
MinimumVisualStudioVersion = 10.0.40219.1
Project("{2150E333-8FDC-42A3-9474-1A3956D46DE8}") = "Solution Items", "Solution Items", "{4A5FAE28-C16A-437B-BDB2-89FBD9021F49}"
	ProjectSection(SolutionItems) = preProject
		..\.gitignore = ..\.gitignore
		..\README.md = ..\README.md
		spellmatrix.xlsx = spellmatrix.xlsx
	EndProjectSection
EndProject
Project("{9A19103F-16F7-4668-BE54-9A1E7A4F7556}") = "DA.Game.Tests", "DA.Core.Teams.Tests\DA.Game.Tests.csproj", "{C3054AD5-D37A-404B-8058-59DE53062BF0}"
EndProject
Project("{9A19103F-16F7-4668-BE54-9A1E7A4F7556}") = "DA.Csl", "DA.Game.Console\DA.Csl.csproj", "{C8B0D748-BAEE-4864-8AD5-CE4D519961FF}"
EndProject
Project("{2150E333-8FDC-42A3-9474-1A3956D46DE8}") = "Console Game", "Console Game", "{826FC4F7-9DCE-4A9F-818F-D64AA7BA8A1D}"
EndProject
Project("{9A19103F-16F7-4668-BE54-9A1E7A4F7556}") = "DA.Game.Resources", "DA.GameResources\DA.Game.Resources.csproj", "{333A7884-2544-4C81-B06C-F53850248FA9}"
EndProject
Project("{9A19103F-16F7-4668-BE54-9A1E7A4F7556}") = "DA.Game.Domain", "DA.Domain\DA.Game.Domain.csproj", "{B7F30058-32AA-4E37-B6CA-761DBF55F117}"
EndProject
Project("{9A19103F-16F7-4668-BE54-9A1E7A4F7556}") = "DA.Game", "DA.Game\DA.Game.csproj", "{F2618DB8-8749-4B31-AD9B-5C91200DBF59}"
EndProject
Project("{9A19103F-16F7-4668-BE54-9A1E7A4F7556}") = "DA.AI", "DA.AI\DA.AI.csproj", "{86BD128E-A2A0-46C3-8E01-CC23C99D11A0}"
EndProject
Project("{2150E333-8FDC-42A3-9474-1A3956D46DE8}") = "Game", "Game", "{2E650A08-83BA-4BC8-B770-96B9E9A78A14}"
EndProject
Project("{2150E333-8FDC-42A3-9474-1A3956D46DE8}") = "AI", "AI", "{891E1D97-1749-4E2C-8F70-BD51A1F6BFCD}"
EndProject
Project("{9A19103F-16F7-4668-BE54-9A1E7A4F7556}") = "DA.Game.TalentsManagement", "DA.Game.TalentsManagement\DA.Game.TalentsManagement.csproj", "{1E540BF1-6A2F-438B-8A47-40DB1D972AA9}"
EndProject
Project("{9A19103F-16F7-4668-BE54-9A1E7A4F7556}") = "DA.Game.CombatMechanic", "DA.Game.CombatMechanic\DA.Game.CombatMechanic.csproj", "{72E5D105-BED5-4B1E-87BA-18FF3FDD122F}"
EndProject
Project("{9A19103F-16F7-4668-BE54-9A1E7A4F7556}") = "DA.Game.TalentsManagement.Tests", "DA.Game.TalentsManagement.Tests\DA.Game.TalentsManagement.Tests.csproj", "{77B7C62C-D515-47AB-9750-FB8F18652E07}"
EndProject
Project("{2150E333-8FDC-42A3-9474-1A3956D46DE8}") = "TalentsManagement", "TalentsManagement", "{B45A06BC-BF6F-446B-9449-CB7566A9C6DF}"
EndProject
Project("{9A19103F-16F7-4668-BE54-9A1E7A4F7556}") = "DA.Game.CombatMechanic.Tests", "DA.Game.CombatMechanic.Tests\DA.Game.CombatMechanic.Tests.csproj", "{C90B4F06-EDC6-4331-B95F-AE98CCE3E3B3}"
EndProject
Project("{2150E333-8FDC-42A3-9474-1A3956D46DE8}") = "CombatMechanic", "CombatMechanic", "{0101EB18-3AD1-45B7-9EF5-750B3B74D5A7}"
EndProject
Project("{2150E333-8FDC-42A3-9474-1A3956D46DE8}") = "Resources", "Resources", "{A63EA9F9-11DE-45BC-8175-ABEC46E8D1A2}"
EndProject
Project("{2150E333-8FDC-42A3-9474-1A3956D46DE8}") = "Domain", "Domain", "{8595E81D-E493-4E37-8DD7-EA882D1DADF4}"
EndProject
Project("{9A19103F-16F7-4668-BE54-9A1E7A4F7556}") = "DA.Game.Resources.Tests", "DA.Game.Resources.Tests\DA.Game.Resources.Tests.csproj", "{AAE71A51-7FA9-49EE-AAE6-C1FE7204AD65}"
EndProject
Project("{9A19103F-16F7-4668-BE54-9A1E7A4F7556}") = "DA.Game.Balance.Tests", "DA.Game.Balance.Tests\DA.Game.Balance.Tests.csproj", "{DF0C80E8-2953-4676-8587-866C8EC41162}"
EndProject
Global
	GlobalSection(SolutionConfigurationPlatforms) = preSolution
		Debug|Any CPU = Debug|Any CPU
		Release|Any CPU = Release|Any CPU
	EndGlobalSection
	GlobalSection(ProjectConfigurationPlatforms) = postSolution
		{C3054AD5-D37A-404B-8058-59DE53062BF0}.Debug|Any CPU.ActiveCfg = Debug|Any CPU
		{C3054AD5-D37A-404B-8058-59DE53062BF0}.Debug|Any CPU.Build.0 = Debug|Any CPU
		{C3054AD5-D37A-404B-8058-59DE53062BF0}.Release|Any CPU.ActiveCfg = Release|Any CPU
		{C3054AD5-D37A-404B-8058-59DE53062BF0}.Release|Any CPU.Build.0 = Release|Any CPU
		{C8B0D748-BAEE-4864-8AD5-CE4D519961FF}.Debug|Any CPU.ActiveCfg = Debug|Any CPU
		{C8B0D748-BAEE-4864-8AD5-CE4D519961FF}.Debug|Any CPU.Build.0 = Debug|Any CPU
		{C8B0D748-BAEE-4864-8AD5-CE4D519961FF}.Release|Any CPU.ActiveCfg = Release|Any CPU
		{C8B0D748-BAEE-4864-8AD5-CE4D519961FF}.Release|Any CPU.Build.0 = Release|Any CPU
		{333A7884-2544-4C81-B06C-F53850248FA9}.Debug|Any CPU.ActiveCfg = Debug|Any CPU
		{333A7884-2544-4C81-B06C-F53850248FA9}.Debug|Any CPU.Build.0 = Debug|Any CPU
		{333A7884-2544-4C81-B06C-F53850248FA9}.Release|Any CPU.ActiveCfg = Release|Any CPU
		{333A7884-2544-4C81-B06C-F53850248FA9}.Release|Any CPU.Build.0 = Release|Any CPU
		{B7F30058-32AA-4E37-B6CA-761DBF55F117}.Debug|Any CPU.ActiveCfg = Debug|Any CPU
		{B7F30058-32AA-4E37-B6CA-761DBF55F117}.Debug|Any CPU.Build.0 = Debug|Any CPU
		{B7F30058-32AA-4E37-B6CA-761DBF55F117}.Release|Any CPU.ActiveCfg = Release|Any CPU
		{B7F30058-32AA-4E37-B6CA-761DBF55F117}.Release|Any CPU.Build.0 = Release|Any CPU
		{F2618DB8-8749-4B31-AD9B-5C91200DBF59}.Debug|Any CPU.ActiveCfg = Debug|Any CPU
		{F2618DB8-8749-4B31-AD9B-5C91200DBF59}.Debug|Any CPU.Build.0 = Debug|Any CPU
		{F2618DB8-8749-4B31-AD9B-5C91200DBF59}.Release|Any CPU.ActiveCfg = Release|Any CPU
		{F2618DB8-8749-4B31-AD9B-5C91200DBF59}.Release|Any CPU.Build.0 = Release|Any CPU
		{86BD128E-A2A0-46C3-8E01-CC23C99D11A0}.Debug|Any CPU.ActiveCfg = Debug|Any CPU
		{86BD128E-A2A0-46C3-8E01-CC23C99D11A0}.Debug|Any CPU.Build.0 = Debug|Any CPU
		{86BD128E-A2A0-46C3-8E01-CC23C99D11A0}.Release|Any CPU.ActiveCfg = Release|Any CPU
		{86BD128E-A2A0-46C3-8E01-CC23C99D11A0}.Release|Any CPU.Build.0 = Release|Any CPU
		{1E540BF1-6A2F-438B-8A47-40DB1D972AA9}.Debug|Any CPU.ActiveCfg = Debug|Any CPU
		{1E540BF1-6A2F-438B-8A47-40DB1D972AA9}.Debug|Any CPU.Build.0 = Debug|Any CPU
		{1E540BF1-6A2F-438B-8A47-40DB1D972AA9}.Release|Any CPU.ActiveCfg = Release|Any CPU
		{1E540BF1-6A2F-438B-8A47-40DB1D972AA9}.Release|Any CPU.Build.0 = Release|Any CPU
		{72E5D105-BED5-4B1E-87BA-18FF3FDD122F}.Debug|Any CPU.ActiveCfg = Debug|Any CPU
		{72E5D105-BED5-4B1E-87BA-18FF3FDD122F}.Debug|Any CPU.Build.0 = Debug|Any CPU
		{72E5D105-BED5-4B1E-87BA-18FF3FDD122F}.Release|Any CPU.ActiveCfg = Release|Any CPU
		{72E5D105-BED5-4B1E-87BA-18FF3FDD122F}.Release|Any CPU.Build.0 = Release|Any CPU
		{77B7C62C-D515-47AB-9750-FB8F18652E07}.Debug|Any CPU.ActiveCfg = Debug|Any CPU
		{77B7C62C-D515-47AB-9750-FB8F18652E07}.Debug|Any CPU.Build.0 = Debug|Any CPU
		{77B7C62C-D515-47AB-9750-FB8F18652E07}.Release|Any CPU.ActiveCfg = Release|Any CPU
		{77B7C62C-D515-47AB-9750-FB8F18652E07}.Release|Any CPU.Build.0 = Release|Any CPU
		{C90B4F06-EDC6-4331-B95F-AE98CCE3E3B3}.Debug|Any CPU.ActiveCfg = Debug|Any CPU
		{C90B4F06-EDC6-4331-B95F-AE98CCE3E3B3}.Debug|Any CPU.Build.0 = Debug|Any CPU
		{C90B4F06-EDC6-4331-B95F-AE98CCE3E3B3}.Release|Any CPU.ActiveCfg = Release|Any CPU
		{C90B4F06-EDC6-4331-B95F-AE98CCE3E3B3}.Release|Any CPU.Build.0 = Release|Any CPU
		{AAE71A51-7FA9-49EE-AAE6-C1FE7204AD65}.Debug|Any CPU.ActiveCfg = Debug|Any CPU
		{AAE71A51-7FA9-49EE-AAE6-C1FE7204AD65}.Debug|Any CPU.Build.0 = Debug|Any CPU
		{AAE71A51-7FA9-49EE-AAE6-C1FE7204AD65}.Release|Any CPU.ActiveCfg = Release|Any CPU
		{AAE71A51-7FA9-49EE-AAE6-C1FE7204AD65}.Release|Any CPU.Build.0 = Release|Any CPU
		{DF0C80E8-2953-4676-8587-866C8EC41162}.Debug|Any CPU.ActiveCfg = Debug|Any CPU
		{DF0C80E8-2953-4676-8587-866C8EC41162}.Debug|Any CPU.Build.0 = Debug|Any CPU
		{DF0C80E8-2953-4676-8587-866C8EC41162}.Release|Any CPU.ActiveCfg = Release|Any CPU
		{DF0C80E8-2953-4676-8587-866C8EC41162}.Release|Any CPU.Build.0 = Release|Any CPU
	EndGlobalSection
	GlobalSection(SolutionProperties) = preSolution
		HideSolutionNode = FALSE
	EndGlobalSection
	GlobalSection(NestedProjects) = preSolution
		{C3054AD5-D37A-404B-8058-59DE53062BF0} = {2E650A08-83BA-4BC8-B770-96B9E9A78A14}
		{C8B0D748-BAEE-4864-8AD5-CE4D519961FF} = {826FC4F7-9DCE-4A9F-818F-D64AA7BA8A1D}
		{333A7884-2544-4C81-B06C-F53850248FA9} = {A63EA9F9-11DE-45BC-8175-ABEC46E8D1A2}
		{B7F30058-32AA-4E37-B6CA-761DBF55F117} = {8595E81D-E493-4E37-8DD7-EA882D1DADF4}
		{F2618DB8-8749-4B31-AD9B-5C91200DBF59} = {2E650A08-83BA-4BC8-B770-96B9E9A78A14}
		{86BD128E-A2A0-46C3-8E01-CC23C99D11A0} = {891E1D97-1749-4E2C-8F70-BD51A1F6BFCD}
		{1E540BF1-6A2F-438B-8A47-40DB1D972AA9} = {B45A06BC-BF6F-446B-9449-CB7566A9C6DF}
		{72E5D105-BED5-4B1E-87BA-18FF3FDD122F} = {0101EB18-3AD1-45B7-9EF5-750B3B74D5A7}
		{77B7C62C-D515-47AB-9750-FB8F18652E07} = {B45A06BC-BF6F-446B-9449-CB7566A9C6DF}
		{B45A06BC-BF6F-446B-9449-CB7566A9C6DF} = {2E650A08-83BA-4BC8-B770-96B9E9A78A14}
		{C90B4F06-EDC6-4331-B95F-AE98CCE3E3B3} = {0101EB18-3AD1-45B7-9EF5-750B3B74D5A7}
		{0101EB18-3AD1-45B7-9EF5-750B3B74D5A7} = {2E650A08-83BA-4BC8-B770-96B9E9A78A14}
		{A63EA9F9-11DE-45BC-8175-ABEC46E8D1A2} = {2E650A08-83BA-4BC8-B770-96B9E9A78A14}
		{8595E81D-E493-4E37-8DD7-EA882D1DADF4} = {2E650A08-83BA-4BC8-B770-96B9E9A78A14}
		{AAE71A51-7FA9-49EE-AAE6-C1FE7204AD65} = {A63EA9F9-11DE-45BC-8175-ABEC46E8D1A2}
		{DF0C80E8-2953-4676-8587-866C8EC41162} = {2E650A08-83BA-4BC8-B770-96B9E9A78A14}
	EndGlobalSection
	GlobalSection(ExtensibilityGlobals) = postSolution
		SolutionGuid = {F915C9D8-BA54-4EC0-B537-7500D921F8CB}
	EndGlobalSection
EndGlobal
